
Microsoft Visual Studio Solution File, Format Version 12.00
# Visual Studio Version 17
VisualStudioVersion = 17.0.31903.59
MinimumVisualStudioVersion = 10.0.40219.1
Project("{2150E333-8FDC-42A3-9474-1A3956D46DE8}") = "Tests", "Tests", "{8572EB65-51E6-4DA6-84C4-DFFA95809F4F}"
EndProject
Project("{2150E333-8FDC-42A3-9474-1A3956D46DE8}") = "UnitTests", "UnitTests", "{0C3FE0EF-9F59-4D86-864D-D106324DF812}"
EndProject
Project("{2150E333-8FDC-42A3-9474-1A3956D46DE8}") = "src", "src", "{CE31A305-57B7-4971-8F7C-E0B356868B14}"
EndProject
Project("{9A19103F-16F7-4668-BE54-9A1E7A4F7556}") = "Barbearia.Api", "src\Barbearia.Api\Barbearia.Api.csproj", "{494F1E2A-17E7-4BEA-885D-8D243B2B118D}"
EndProject
Project("{9A19103F-16F7-4668-BE54-9A1E7A4F7556}") = "Barbearia.Application", "src\Barbearia.Application\Barbearia.Application.csproj", "{BAA42DF9-FE7B-4551-ADC6-5960477E52E2}"
EndProject
Project("{9A19103F-16F7-4668-BE54-9A1E7A4F7556}") = "Barbearia.Domain", "src\Barbearia.Domain\Barbearia.Domain.csproj", "{5CA12199-EEEC-4855-9C72-EA18687F093A}"
EndProject
Project("{9A19103F-16F7-4668-BE54-9A1E7A4F7556}") = "Barbearia.Persistence", "src\Barbearia.Persistence\Barbearia.Persistence.csproj", "{A6A2876C-501B-4B76-B634-FF8A100729EA}"
EndProject
Project("{FAE04EC0-301F-11D3-BF4B-00C04F79EFBC}") = "Barber.Domain.UnitTests", "Barber.Domain.UnitTests\Barber.Domain.UnitTests.csproj", "{F9132936-26E7-4CE2-B511-7EEEF289FD48}"
EndProject
Global
	GlobalSection(SolutionConfigurationPlatforms) = preSolution
		Debug|Any CPU = Debug|Any CPU
		Release|Any CPU = Release|Any CPU
	EndGlobalSection
	GlobalSection(ProjectConfigurationPlatforms) = postSolution
		{494F1E2A-17E7-4BEA-885D-8D243B2B118D}.Debug|Any CPU.ActiveCfg = Debug|Any CPU
		{494F1E2A-17E7-4BEA-885D-8D243B2B118D}.Debug|Any CPU.Build.0 = Debug|Any CPU
		{494F1E2A-17E7-4BEA-885D-8D243B2B118D}.Release|Any CPU.ActiveCfg = Release|Any CPU
		{494F1E2A-17E7-4BEA-885D-8D243B2B118D}.Release|Any CPU.Build.0 = Release|Any CPU
		{BAA42DF9-FE7B-4551-ADC6-5960477E52E2}.Debug|Any CPU.ActiveCfg = Debug|Any CPU
		{BAA42DF9-FE7B-4551-ADC6-5960477E52E2}.Debug|Any CPU.Build.0 = Debug|Any CPU
		{BAA42DF9-FE7B-4551-ADC6-5960477E52E2}.Release|Any CPU.ActiveCfg = Release|Any CPU
		{BAA42DF9-FE7B-4551-ADC6-5960477E52E2}.Release|Any CPU.Build.0 = Release|Any CPU
		{5CA12199-EEEC-4855-9C72-EA18687F093A}.Debug|Any CPU.ActiveCfg = Debug|Any CPU
		{5CA12199-EEEC-4855-9C72-EA18687F093A}.Debug|Any CPU.Build.0 = Debug|Any CPU
		{5CA12199-EEEC-4855-9C72-EA18687F093A}.Release|Any CPU.ActiveCfg = Release|Any CPU
		{5CA12199-EEEC-4855-9C72-EA18687F093A}.Release|Any CPU.Build.0 = Release|Any CPU
		{A6A2876C-501B-4B76-B634-FF8A100729EA}.Debug|Any CPU.ActiveCfg = Debug|Any CPU
		{A6A2876C-501B-4B76-B634-FF8A100729EA}.Debug|Any CPU.Build.0 = Debug|Any CPU
		{A6A2876C-501B-4B76-B634-FF8A100729EA}.Release|Any CPU.ActiveCfg = Release|Any CPU
		{A6A2876C-501B-4B76-B634-FF8A100729EA}.Release|Any CPU.Build.0 = Release|Any CPU
		{F9132936-26E7-4CE2-B511-7EEEF289FD48}.Debug|Any CPU.ActiveCfg = Debug|Any CPU
		{F9132936-26E7-4CE2-B511-7EEEF289FD48}.Debug|Any CPU.Build.0 = Debug|Any CPU
		{F9132936-26E7-4CE2-B511-7EEEF289FD48}.Release|Any CPU.ActiveCfg = Release|Any CPU
		{F9132936-26E7-4CE2-B511-7EEEF289FD48}.Release|Any CPU.Build.0 = Release|Any CPU
	EndGlobalSection
	GlobalSection(SolutionProperties) = preSolution
		HideSolutionNode = FALSE
	EndGlobalSection
	GlobalSection(NestedProjects) = preSolution
		{0C3FE0EF-9F59-4D86-864D-D106324DF812} = {8572EB65-51E6-4DA6-84C4-DFFA95809F4F}
		{494F1E2A-17E7-4BEA-885D-8D243B2B118D} = {CE31A305-57B7-4971-8F7C-E0B356868B14}
		{BAA42DF9-FE7B-4551-ADC6-5960477E52E2} = {CE31A305-57B7-4971-8F7C-E0B356868B14}
		{5CA12199-EEEC-4855-9C72-EA18687F093A} = {CE31A305-57B7-4971-8F7C-E0B356868B14}
		{A6A2876C-501B-4B76-B634-FF8A100729EA} = {CE31A305-57B7-4971-8F7C-E0B356868B14}
		{F9132936-26E7-4CE2-B511-7EEEF289FD48} = {0C3FE0EF-9F59-4D86-864D-D106324DF812}
	EndGlobalSection
	GlobalSection(ExtensibilityGlobals) = postSolution
		SolutionGuid = {49E670F0-8D7D-4AE8-BDF3-960922372A8C}
	EndGlobalSection
EndGlobal
