
Microsoft Visual Studio Solution File, Format Version 12.00
# Visual Studio Version 17
VisualStudioVersion = 17.5.002.0
MinimumVisualStudioVersion = 10.0.40219.1
Project("{9A19103F-16F7-4668-BE54-9A1E7A4F7556}") = "Barbearia.Api", "Barbearia.Api\Barbearia.Api.csproj", "{7D6C75D0-8A39-4795-853A-DF22B7B29663}"
EndProject
Project("{9A19103F-16F7-4668-BE54-9A1E7A4F7556}") = "Barbearia.Application", "Barbearia.Application\Barbearia.Application.csproj", "{493C6EF3-E413-4BF4-AB33-8325266BB077}"
EndProject
Project("{9A19103F-16F7-4668-BE54-9A1E7A4F7556}") = "Barbearia.Domain", "Barbearia.Domain\Barbearia.Domain.csproj", "{ED6312AB-15BF-4B8E-A71F-D7C5F0BFB0E6}"
EndProject
Project("{9A19103F-16F7-4668-BE54-9A1E7A4F7556}") = "Barbearia.Persistence", "Barbearia.Persistence\Barbearia.Persistence.csproj", "{3E387F59-4EA2-4D8E-B2D9-D5819EA3F258}"
EndProject
Global
	GlobalSection(SolutionConfigurationPlatforms) = preSolution
		Debug|Any CPU = Debug|Any CPU
		Release|Any CPU = Release|Any CPU
	EndGlobalSection
	GlobalSection(ProjectConfigurationPlatforms) = postSolution
		{7D6C75D0-8A39-4795-853A-DF22B7B29663}.Debug|Any CPU.ActiveCfg = Debug|Any CPU
		{7D6C75D0-8A39-4795-853A-DF22B7B29663}.Debug|Any CPU.Build.0 = Debug|Any CPU
		{7D6C75D0-8A39-4795-853A-DF22B7B29663}.Release|Any CPU.ActiveCfg = Release|Any CPU
		{7D6C75D0-8A39-4795-853A-DF22B7B29663}.Release|Any CPU.Build.0 = Release|Any CPU
		{493C6EF3-E413-4BF4-AB33-8325266BB077}.Debug|Any CPU.ActiveCfg = Debug|Any CPU
		{493C6EF3-E413-4BF4-AB33-8325266BB077}.Debug|Any CPU.Build.0 = Debug|Any CPU
		{493C6EF3-E413-4BF4-AB33-8325266BB077}.Release|Any CPU.ActiveCfg = Release|Any CPU
		{493C6EF3-E413-4BF4-AB33-8325266BB077}.Release|Any CPU.Build.0 = Release|Any CPU
		{ED6312AB-15BF-4B8E-A71F-D7C5F0BFB0E6}.Debug|Any CPU.ActiveCfg = Debug|Any CPU
		{ED6312AB-15BF-4B8E-A71F-D7C5F0BFB0E6}.Debug|Any CPU.Build.0 = Debug|Any CPU
		{ED6312AB-15BF-4B8E-A71F-D7C5F0BFB0E6}.Release|Any CPU.ActiveCfg = Release|Any CPU
		{ED6312AB-15BF-4B8E-A71F-D7C5F0BFB0E6}.Release|Any CPU.Build.0 = Release|Any CPU
		{3E387F59-4EA2-4D8E-B2D9-D5819EA3F258}.Debug|Any CPU.ActiveCfg = Debug|Any CPU
		{3E387F59-4EA2-4D8E-B2D9-D5819EA3F258}.Debug|Any CPU.Build.0 = Debug|Any CPU
		{3E387F59-4EA2-4D8E-B2D9-D5819EA3F258}.Release|Any CPU.ActiveCfg = Release|Any CPU
		{3E387F59-4EA2-4D8E-B2D9-D5819EA3F258}.Release|Any CPU.Build.0 = Release|Any CPU
	EndGlobalSection
	GlobalSection(SolutionProperties) = preSolution
		HideSolutionNode = FALSE
	EndGlobalSection
	GlobalSection(ExtensibilityGlobals) = postSolution
		SolutionGuid = {5D50CCC6-5339-4205-B417-1F015E810F9D}
	EndGlobalSection
EndGlobal
